github.com/dayuoba/mulan v0.0.3 h1:FdpLSAKWQHo9lNC58GI3UzeiPFOHOkikc48m9etIm80=
github.com/dayuoba/mulan v0.0.3/go.mod h1:EgKYxI/jRrm/hP6i0WODv7t6eCOJUBGxbBInfjfpJgE=
github.com/dayuoba/mulan v0.0.4 h1:Gtb4VRuKllx/87foIzpQS/zg4yLCWpT49+Qh82Xb79Y=
github.com/dayuoba/mulan v0.0.4/go.mod h1:EgKYxI/jRrm/hP6i0WODv7t6eCOJUBGxbBInfjfpJgE=
github.com/dayuoba/mulan v1.0.1 h1:Y+oYCP+/OBi8+g3Pbc13f1iEamwvtQ/7gfWyrLJXAZI=
github.com/dayuoba/mulan v1.0.1/go.mod h1:EgKYxI/jRrm/hP6i0WODv7t6eCOJUBGxbBInfjfpJgE=
